PODS:
  - Capacitor (6.1.2):
    - CapacitorCordova
  - CapacitorBrowser (6.0.2):
    - Capacitor
  - CapacitorCordova (6.1.2)
  - CapacitorStatusBar (6.0.1):
    - Capacitor

DEPENDENCIES:
  - "Capacitor (from `../../node_modules/@capacitor/ios`)"
  - "CapacitorBrowser (from `../../node_modules/@capacitor/browser`)"
  - "CapacitorCordova (from `../../node_modules/@capacitor/ios`)"
  - "CapacitorStatusBar (from `../../node_modules/@capacitor/status-bar`)"

EXTERNAL SOURCES:
  Capacitor:
    :path: "../../node_modules/@capacitor/ios"
  CapacitorBrowser:
    :path: "../../node_modules/@capacitor/browser"
  CapacitorCordova:
    :path: "../../node_modules/@capacitor/ios"
  CapacitorStatusBar:
    :path: "../../node_modules/@capacitor/status-bar"

SPEC CHECKSUMS:
  Capacitor: 679f9673fdf30597493a6362a5d5bf233d46abc2
  CapacitorBrowser: 83ec661a9ccd56c28a6851e4dd1ac33b181227ec
  CapacitorCordova: f48c89f96c319101cd2f0ce8a2b7449b5fb8b3dd
  CapacitorStatusBar: b81d4fb5d4e0064c712018071b3ab4b810b39a63

PODFILE CHECKSUM: f1df6340a6ecf454b6dcc704998b790ef27150b6

COCOAPODS: 1.11.3
